// !$*UTF8*$!
{
	archiveVersion = 1;
	classes = {
	};
	objectVersion = 51;
	objects = {

/* Begin PBXBuildFile section */
		60560852421628E64EA6861E /* Pods_ECommerceApp.framework in Frameworks */ = {isa = PBXBuildFile; fileRef = 3A8FEC0A51F7E7610BA62F0F /* Pods_ECommerceApp.framework */; };
		801855C924CF5B4C0063B7D7 /* JoinViewController+Constraints.swift in Sources */ = {isa = PBXBuildFile; fileRef = 801855C824CF5B4C0063B7D7 /* JoinViewController+Constraints.swift */; };
		801855CB24CF5B900063B7D7 /* JoinViewController+Views.swift in Sources */ = {isa = PBXBuildFile; fileRef = 801855CA24CF5B900063B7D7 /* JoinViewController+Views.swift */; };
		801855CD24CF5BCE0063B7D7 /* JoinViewController+Handlers.swift in Sources */ = {isa = PBXBuildFile; fileRef = 801855CC24CF5BCE0063B7D7 /* JoinViewController+Handlers.swift */; };
		801855D124CF5CCC0063B7D7 /* BuyerViewController.swift in Sources */ = {isa = PBXBuildFile; fileRef = 801855D024CF5CCC0063B7D7 /* BuyerViewController.swift */; };
		801855D324CF5CF60063B7D7 /* BuyerViewController+Handlers.swift in Sources */ = {isa = PBXBuildFile; fileRef = 801855D224CF5CF60063B7D7 /* BuyerViewController+Handlers.swift */; };
		801855D524CF5D1D0063B7D7 /* BuyerViewController+Views.swift in Sources */ = {isa = PBXBuildFile; fileRef = 801855D424CF5D1D0063B7D7 /* BuyerViewController+Views.swift */; };
		801855D724CF5D550063B7D7 /* String+Random.swift in Sources */ = {isa = PBXBuildFile; fileRef = 801855D624CF5D550063B7D7 /* String+Random.swift */; };
		80D804C624CF58CF0093AA6E /* AppDelegate.swift in Sources */ = {isa = PBXBuildFile; fileRef = 80D804C524CF58CF0093AA6E /* AppDelegate.swift */; };
		80D804C824CF58CF0093AA6E /* SceneDelegate.swift in Sources */ = {isa = PBXBuildFile; fileRef = 80D804C724CF58CF0093AA6E /* SceneDelegate.swift */; };
		80D804CA24CF58CF0093AA6E /* JoinViewController.swift in Sources */ = {isa = PBXBuildFile; fileRef = 80D804C924CF58CF0093AA6E /* JoinViewController.swift */; };
		80D804CD24CF58CF0093AA6E /* Main.storyboard in Resources */ = {isa = PBXBuildFile; fileRef = 80D804CB24CF58CF0093AA6E /* Main.storyboard */; };
		80D804CF24CF58D20093AA6E /* Assets.xcassets in Resources */ = {isa = PBXBuildFile; fileRef = 80D804CE24CF58D20093AA6E /* Assets.xcassets */; };
		80D804D224CF58D20093AA6E /* LaunchScreen.storyboard in Resources */ = {isa = PBXBuildFile; fileRef = 80D804D024CF58D20093AA6E /* LaunchScreen.storyboard */; };
/* End PBXBuildFile section */

/* Begin PBXFileReference section */
		3A8FEC0A51F7E7610BA62F0F /* Pods_ECommerceApp.framework */ = {isa = PBXFileReference; explicitFileType = wrapper.framework; includeInIndex = 0; path = Pods_ECommerceApp.framework; sourceTree = BUILT_PRODUCTS_DIR; };
		801855C824CF5B4C0063B7D7 /* JoinViewController+Constraints.swift */ = {isa = PBXFileReference; lastKnownFileType = sourcecode.swift; path = "JoinViewController+Constraints.swift"; sourceTree = "<group>"; };
		801855CA24CF5B900063B7D7 /* JoinViewController+Views.swift */ = {isa = PBXFileReference; lastKnownFileType = sourcecode.swift; path = "JoinViewController+Views.swift"; sourceTree = "<group>"; };
		801855CC24CF5BCE0063B7D7 /* JoinViewController+Handlers.swift */ = {isa = PBXFileReference; lastKnownFileType = sourcecode.swift; path = "JoinViewController+Handlers.swift"; sourceTree = "<group>"; };
		801855D024CF5CCC0063B7D7 /* BuyerViewController.swift */ = {isa = PBXFileReference; lastKnownFileType = sourcecode.swift; path = BuyerViewController.swift; sourceTree = "<group>"; };
		801855D224CF5CF60063B7D7 /* BuyerViewController+Handlers.swift */ = {isa = PBXFileReference; lastKnownFileType = sourcecode.swift; path = "BuyerViewController+Handlers.swift"; sourceTree = "<group>"; };
		801855D424CF5D1D0063B7D7 /* BuyerViewController+Views.swift */ = {isa = PBXFileReference; lastKnownFileType = sourcecode.swift; path = "BuyerViewController+Views.swift"; sourceTree = "<group>"; };
		801855D624CF5D550063B7D7 /* String+Random.swift */ = {isa = PBXFileReference; lastKnownFileType = sourcecode.swift; path = "String+Random.swift"; sourceTree = "<group>"; };
		80D804C224CF58CF0093AA6E /* ECommerceApp.app */ = {isa = PBXFileReference; explicitFileType = wrapper.application; includeInIndex = 0; path = ECommerceApp.app; sourceTree = BUILT_PRODUCTS_DIR; };
		80D804C524CF58CF0093AA6E /* AppDelegate.swift */ = {isa = PBXFileReference; lastKnownFileType = sourcecode.swift; path = AppDelegate.swift; sourceTree = "<group>"; };
		80D804C724CF58CF0093AA6E /* SceneDelegate.swift */ = {isa = PBXFileReference; lastKnownFileType = sourcecode.swift; path = SceneDelegate.swift; sourceTree = "<group>"; };
		80D804C924CF58CF0093AA6E /* JoinViewController.swift */ = {isa = PBXFileReference; lastKnownFileType = sourcecode.swift; path = JoinViewController.swift; sourceTree = "<group>"; };
		80D804CC24CF58CF0093AA6E /* Base */ = {isa = PBXFileReference; lastKnownFileType = file.storyboard; name = Base; path = Base.lproj/Main.storyboard; sourceTree = "<group>"; };
		80D804CE24CF58D20093AA6E /* Assets.xcassets */ = {isa = PBXFileReference; lastKnownFileType = folder.assetcatalog; path = Assets.xcassets; sourceTree = "<group>"; };
		80D804D124CF58D20093AA6E /* Base */ = {isa = PBXFileReference; lastKnownFileType = file.storyboard; name = Base; path = Base.lproj/LaunchScreen.storyboard; sourceTree = "<group>"; };
		80D804D324CF58D20093AA6E /* Info.plist */ = {isa = PBXFileReference; lastKnownFileType = text.plist.xml; path = Info.plist; sourceTree = "<group>"; };
		A419606A6845B2409C8EB112 /* Pods-ECommerceApp.debug.xcconfig */ = {isa = PBXFileReference; includeInIndex = 1; lastKnownFileType = text.xcconfig; name = "Pods-ECommerceApp.debug.xcconfig"; path = "Target Support Files/Pods-ECommerceApp/Pods-ECommerceApp.debug.xcconfig"; sourceTree = "<group>"; };
		AF6824AED82FD5C56E31C280 /* Pods-ECommerceApp.release.xcconfig */ = {isa = PBXFileReference; includeInIndex = 1; lastKnownFileType = text.xcconfig; name = "Pods-ECommerceApp.release.xcconfig"; path = "Target Support Files/Pods-ECommerceApp/Pods-ECommerceApp.release.xcconfig"; sourceTree = "<group>"; };
/* End PBXFileReference section */

/* Begin PBXFrameworksBuildPhase section */
		80D804BF24CF58CF0093AA6E /* Frameworks */ = {
			isa = PBXFrameworksBuildPhase;
			buildActionMask = 2147483647;
			files = (
				60560852421628E64EA6861E /* Pods_ECommerceApp.framework in Frameworks */,
			);
			runOnlyForDeploymentPostprocessing = 0;
		};
/* End PBXFrameworksBuildPhase section */

/* Begin PBXGroup section */
		801855CF24CF5C110063B7D7 /* Buyer */ = {
			isa = PBXGroup;
			children = (
				801855D024CF5CCC0063B7D7 /* BuyerViewController.swift */,
				801855D224CF5CF60063B7D7 /* BuyerViewController+Handlers.swift */,
				801855D424CF5D1D0063B7D7 /* BuyerViewController+Views.swift */,
			);
			path = Buyer;
			sourceTree = "<group>";
		};
		80D804B924CF58CF0093AA6E = {
			isa = PBXGroup;
			children = (
				80D804C424CF58CF0093AA6E /* ECommerceApp */,
				80D804C324CF58CF0093AA6E /* Products */,
				BBDF076C48B62B0F169FBFA5 /* Pods */,
				BF07F166CC94DFF5EA198CAA /* Frameworks */,
			);
			sourceTree = "<group>";
		};
		80D804C324CF58CF0093AA6E /* Products */ = {
			isa = PBXGroup;
			children = (
				80D804C224CF58CF0093AA6E /* ECommerceApp.app */,
			);
			name = Products;
			sourceTree = "<group>";
		};
		80D804C424CF58CF0093AA6E /* ECommerceApp */ = {
			isa = PBXGroup;
			children = (
				80D804C524CF58CF0093AA6E /* AppDelegate.swift */,
				80D804C724CF58CF0093AA6E /* SceneDelegate.swift */,
				801855D624CF5D550063B7D7 /* String+Random.swift */,
				80D804D924CF590E0093AA6E /* Join */,
				801855CF24CF5C110063B7D7 /* Buyer */,
				80D804CB24CF58CF0093AA6E /* Main.storyboard */,
				80D804CE24CF58D20093AA6E /* Assets.xcassets */,
				80D804D024CF58D20093AA6E /* LaunchScreen.storyboard */,
				80D804D324CF58D20093AA6E /* Info.plist */,
			);
			path = ECommerceApp;
			sourceTree = "<group>";
		};
		80D804D924CF590E0093AA6E /* Join */ = {
			isa = PBXGroup;
			children = (
				80D804C924CF58CF0093AA6E /* JoinViewController.swift */,
				801855CA24CF5B900063B7D7 /* JoinViewController+Views.swift */,
				801855C824CF5B4C0063B7D7 /* JoinViewController+Constraints.swift */,
				801855CC24CF5BCE0063B7D7 /* JoinViewController+Handlers.swift */,
			);
			path = Join;
			sourceTree = "<group>";
		};
		BBDF076C48B62B0F169FBFA5 /* Pods */ = {
			isa = PBXGroup;
			children = (
				A419606A6845B2409C8EB112 /* Pods-ECommerceApp.debug.xcconfig */,
				AF6824AED82FD5C56E31C280 /* Pods-ECommerceApp.release.xcconfig */,
			);
			path = Pods;
			sourceTree = "<group>";
		};
		BF07F166CC94DFF5EA198CAA /* Frameworks */ = {
			isa = PBXGroup;
			children = (
				3A8FEC0A51F7E7610BA62F0F /* Pods_ECommerceApp.framework */,
			);
			name = Frameworks;
			sourceTree = "<group>";
		};
/* End PBXGroup section */

/* Begin PBXNativeTarget section */
		80D804C124CF58CF0093AA6E /* ECommerceApp */ = {
			isa = PBXNativeTarget;
			buildConfigurationList = 80D804D624CF58D20093AA6E /* Build configuration list for PBXNativeTarget "ECommerceApp" */;
			buildPhases = (
				660F5874815677C30668CEA1 /* [CP] Check Pods Manifest.lock */,
				80D804BE24CF58CF0093AA6E /* Sources */,
				80D804BF24CF58CF0093AA6E /* Frameworks */,
				80D804C024CF58CF0093AA6E /* Resources */,
				6F782F76316017D1B91EC89C /* [CP] Embed Pods Frameworks */,
			);
			buildRules = (
			);
			dependencies = (
			);
			name = ECommerceApp;
			productName = ECommerceApp;
			productReference = 80D804C224CF58CF0093AA6E /* ECommerceApp.app */;
			productType = "com.apple.product-type.application";
		};
/* End PBXNativeTarget section */

/* Begin PBXProject section */
		80D804BA24CF58CF0093AA6E /* Project object */ = {
			isa = PBXProject;
			attributes = {
				LastSwiftUpdateCheck = 1160;
				LastUpgradeCheck = 1160;
				ORGANIZATIONNAME = "Matheus Cardoso";
				TargetAttributes = {
					80D804C124CF58CF0093AA6E = {
						CreatedOnToolsVersion = 11.6;
					};
				};
			};
			buildConfigurationList = 80D804BD24CF58CF0093AA6E /* Build configuration list for PBXProject "ECommerceApp" */;
			compatibilityVersion = "Xcode 9.3";
			developmentRegion = en;
			hasScannedForEncodings = 0;
			knownRegions = (
				en,
				Base,
			);
			mainGroup = 80D804B924CF58CF0093AA6E;
			productRefGroup = 80D804C324CF58CF0093AA6E /* Products */;
			projectDirPath = "";
			projectRoot = "";
			targets = (
				80D804C124CF58CF0093AA6E /* ECommerceApp */,
			);
		};
/* End PBXProject section */

/* Begin PBXResourcesBuildPhase section */
		80D804C024CF58CF0093AA6E /* Resources */ = {
			isa = PBXResourcesBuildPhase;
			buildActionMask = 2147483647;
			files = (
				80D804D224CF58D20093AA6E /* LaunchScreen.storyboard in Resources */,
				80D804CF24CF58D20093AA6E /* Assets.xcassets in Resources */,
				80D804CD24CF58CF0093AA6E /* Main.storyboard in Resources */,
			);
			runOnlyForDeploymentPostprocessing = 0;
		};
/* End PBXResourcesBuildPhase section */

/* Begin PBXShellScriptBuildPhase section */
		660F5874815677C30668CEA1 /* [CP] Check Pods Manifest.lock */ = {
			isa = PBXShellScriptBuildPhase;
			buildActionMask = 2147483647;
			files = (
			);
			inputFileListPaths = (
			);
			inputPaths = (
				"${PODS_PODFILE_DIR_PATH}/Podfile.lock",
				"${PODS_ROOT}/Manifest.lock",
			);
			name = "[CP] Check Pods Manifest.lock";
			outputFileListPaths = (
			);
			outputPaths = (
				"$(DERIVED_FILE_DIR)/Pods-ECommerceApp-checkManifestLockResult.txt",
			);
			runOnlyForDeploymentPostprocessing = 0;
			shellPath = /bin/sh;
			shellScript = "diff \"${PODS_PODFILE_DIR_PATH}/Podfile.lock\" \"${PODS_ROOT}/Manifest.lock\" > /dev/null\nif [ $? != 0 ] ; then\n    # print error to STDERR\n    echo \"error: The sandbox is not in sync with the Podfile.lock. Run 'pod install' or update your CocoaPods installation.\" >&2\n    exit 1\nfi\n# This output is used by Xcode 'outputs' to avoid re-running this script phase.\necho \"SUCCESS\" > \"${SCRIPT_OUTPUT_FILE_0}\"\n";
			showEnvVarsInLog = 0;
		};
		6F782F76316017D1B91EC89C /* [CP] Embed Pods Frameworks */ = {
			isa = PBXShellScriptBuildPhase;
			buildActionMask = 2147483647;
			files = (
			);
			inputFileListPaths = (
				"${PODS_ROOT}/Target Support Files/Pods-ECommerceApp/Pods-ECommerceApp-frameworks-${CONFIGURATION}-input-files.xcfilelist",
			);
			name = "[CP] Embed Pods Frameworks";
			outputFileListPaths = (
				"${PODS_ROOT}/Target Support Files/Pods-ECommerceApp/Pods-ECommerceApp-frameworks-${CONFIGURATION}-output-files.xcfilelist",
			);
			runOnlyForDeploymentPostprocessing = 0;
			shellPath = /bin/sh;
			shellScript = "\"${PODS_ROOT}/Target Support Files/Pods-ECommerceApp/Pods-ECommerceApp-frameworks.sh\"\n";
			showEnvVarsInLog = 0;
		};
/* End PBXShellScriptBuildPhase section */

/* Begin PBXSourcesBuildPhase section */
		80D804BE24CF58CF0093AA6E /* Sources */ = {
			isa = PBXSourcesBuildPhase;
			buildActionMask = 2147483647;
			files = (
				80D804CA24CF58CF0093AA6E /* JoinViewController.swift in Sources */,
				801855D724CF5D550063B7D7 /* String+Random.swift in Sources */,
				801855CD24CF5BCE0063B7D7 /* JoinViewController+Handlers.swift in Sources */,
				801855D124CF5CCC0063B7D7 /* BuyerViewController.swift in Sources */,
				801855D524CF5D1D0063B7D7 /* BuyerViewController+Views.swift in Sources */,
				801855D324CF5CF60063B7D7 /* BuyerViewController+Handlers.swift in Sources */,
				801855CB24CF5B900063B7D7 /* JoinViewController+Views.swift in Sources */,
				801855C924CF5B4C0063B7D7 /* JoinViewController+Constraints.swift in Sources */,
				80D804C624CF58CF0093AA6E /* AppDelegate.swift in Sources */,
				80D804C824CF58CF0093AA6E /* SceneDelegate.swift in Sources */,
			);
			runOnlyForDeploymentPostprocessing = 0;
		};
/* End PBXSourcesBuildPhase section */

/* Begin PBXVariantGroup section */
		80D804CB24CF58CF0093AA6E /* Main.storyboard */ = {
			isa = PBXVariantGroup;
			children = (
				80D804CC24CF58CF0093AA6E /* Base */,
			);
			name = Main.storyboard;
			sourceTree = "<group>";
		};
		80D804D024CF58D20093AA6E /* LaunchScreen.storyboard */ = {
			isa = PBXVariantGroup;
			children = (
				80D804D124CF58D20093AA6E /* Base */,
			);
			name = LaunchScreen.storyboard;
			sourceTree = "<group>";
		};
/* End PBXVariantGroup section */

/* Begin XCBuildConfiguration section */
		80D804D424CF58D20093AA6E /* Debug */ = {
			isa = XCBuildConfiguration;
			buildSettings = {
				ALWAYS_SEARCH_USER_PATHS = NO;
				CLANG_ANALYZER_NONNULL = YES;
				CLANG_ANALYZER_NUMBER_OBJECT_CONVERSION = YES_AGGRESSIVE;
				CLANG_CXX_LANGUAGE_STANDARD = "gnu++14";
				CLANG_CXX_LIBRARY = "libc++";
				CLANG_ENABLE_MODULES = YES;
				CLANG_ENABLE_OBJC_ARC = YES;
				CLANG_ENABLE_OBJC_WEAK = YES;
				CLANG_WARN_BLOCK_CAPTURE_AUTORELEASING = YES;
				CLANG_WARN_BOOL_CONVERSION = YES;
				CLANG_WARN_COMMA = YES;
				CLANG_WARN_CONSTANT_CONVERSION = YES;
				CLANG_WARN_DEPRECATED_OBJC_IMPLEMENTATIONS = YES;
				CLANG_WARN_DIRECT_OBJC_ISA_USAGE = YES_ERROR;
				CLANG_WARN_DOCUMENTATION_COMMENTS = YES;
				CLANG_WARN_EMPTY_BODY = YES;
				CLANG_WARN_ENUM_CONVERSION = YES;
				CLANG_WARN_INFINITE_RECURSION = YES;
				CLANG_WARN_INT_CONVERSION = YES;
				CLANG_WARN_NON_LITERAL_NULL_CONVERSION = YES;
				CLANG_WARN_OBJC_IMPLICIT_RETAIN_SELF = YES;
				CLANG_WARN_OBJC_LITERAL_CONVERSION = YES;
				CLANG_WARN_OBJC_ROOT_CLASS = YES_ERROR;
				CLANG_WARN_RANGE_LOOP_ANALYSIS = YES;
				CLANG_WARN_STRICT_PROTOTYPES = YES;
				CLANG_WARN_SUSPICIOUS_MOVE = YES;
				CLANG_WARN_UNGUARDED_AVAILABILITY = YES_AGGRESSIVE;
				CLANG_WARN_UNREACHABLE_CODE = YES;
				CLANG_WARN__DUPLICATE_METHOD_MATCH = YES;
				COPY_PHASE_STRIP = NO;
				DEBUG_INFORMATION_FORMAT = dwarf;
				ENABLE_STRICT_OBJC_MSGSEND = YES;
				ENABLE_TESTABILITY = YES;
				GCC_C_LANGUAGE_STANDARD = gnu11;
				GCC_DYNAMIC_NO_PIC = NO;
				GCC_NO_COMMON_BLOCKS = YES;
				GCC_OPTIMIZATION_LEVEL = 0;
				GCC_PREPROCESSOR_DEFINITIONS = (
					"DEBUG=1",
					"$(inherited)",
				);
				GCC_WARN_64_TO_32_BIT_CONVERSION = YES;
				GCC_WARN_ABOUT_RETURN_TYPE = YES_ERROR;
				GCC_WARN_UNDECLARED_SELECTOR = YES;
				GCC_WARN_UNINITIALIZED_AUTOS = YES_AGGRESSIVE;
				GCC_WARN_UNUSED_FUNCTION = YES;
				GCC_WARN_UNUSED_VARIABLE = YES;
				IPHONEOS_DEPLOYMENT_TARGET = 13.6;
				MTL_ENABLE_DEBUG_INFO = INCLUDE_SOURCE;
				MTL_FAST_MATH = YES;
				ONLY_ACTIVE_ARCH = YES;
				SDKROOT = iphoneos;
				SWIFT_ACTIVE_COMPILATION_CONDITIONS = DEBUG;
				SWIFT_OPTIMIZATION_LEVEL = "-Onone";
			};
			name = Debug;
		};
		80D804D524CF58D20093AA6E /* Release */ = {
			isa = XCBuildConfiguration;
			buildSettings = {
				ALWAYS_SEARCH_USER_PATHS = NO;
				CLANG_ANALYZER_NONNULL = YES;
				CLANG_ANALYZER_NUMBER_OBJECT_CONVERSION = YES_AGGRESSIVE;
				CLANG_CXX_LANGUAGE_STANDARD = "gnu++14";
				CLANG_CXX_LIBRARY = "libc++";
				CLANG_ENABLE_MODULES = YES;
				CLANG_ENABLE_OBJC_ARC = YES;
				CLANG_ENABLE_OBJC_WEAK = YES;
				CLANG_WARN_BLOCK_CAPTURE_AUTORELEASING = YES;
				CLANG_WARN_BOOL_CONVERSION = YES;
				CLANG_WARN_COMMA = YES;
				CLANG_WARN_CONSTANT_CONVERSION = YES;
				CLANG_WARN_DEPRECATED_OBJC_IMPLEMENTATIONS = YES;
				CLANG_WARN_DIRECT_OBJC_ISA_USAGE = YES_ERROR;
				CLANG_WARN_DOCUMENTATION_COMMENTS = YES;
				CLANG_WARN_EMPTY_BODY = YES;
				CLANG_WARN_ENUM_CONVERSION = YES;
				CLANG_WARN_INFINITE_RECURSION = YES;
				CLANG_WARN_INT_CONVERSION = YES;
				CLANG_WARN_NON_LITERAL_NULL_CONVERSION = YES;
				CLANG_WARN_OBJC_IMPLICIT_RETAIN_SELF = YES;
				CLANG_WARN_OBJC_LITERAL_CONVERSION = YES;
				CLANG_WARN_OBJC_ROOT_CLASS = YES_ERROR;
				CLANG_WARN_RANGE_LOOP_ANALYSIS = YES;
				CLANG_WARN_STRICT_PROTOTYPES = YES;
				CLANG_WARN_SUSPICIOUS_MOVE = YES;
				CLANG_WARN_UNGUARDED_AVAILABILITY = YES_AGGRESSIVE;
				CLANG_WARN_UNREACHABLE_CODE = YES;
				CLANG_WARN__DUPLICATE_METHOD_MATCH = YES;
				COPY_PHASE_STRIP = NO;
				DEBUG_INFORMATION_FORMAT = "dwarf-with-dsym";
				ENABLE_NS_ASSERTIONS = NO;
				ENABLE_STRICT_OBJC_MSGSEND = YES;
				GCC_C_LANGUAGE_STANDARD = gnu11;
				GCC_NO_COMMON_BLOCKS = YES;
				GCC_WARN_64_TO_32_BIT_CONVERSION = YES;
				GCC_WARN_ABOUT_RETURN_TYPE = YES_ERROR;
				GCC_WARN_UNDECLARED_SELECTOR = YES;
				GCC_WARN_UNINITIALIZED_AUTOS = YES_AGGRESSIVE;
				GCC_WARN_UNUSED_FUNCTION = YES;
				GCC_WARN_UNUSED_VARIABLE = YES;
				IPHONEOS_DEPLOYMENT_TARGET = 13.6;
				MTL_ENABLE_DEBUG_INFO = NO;
				MTL_FAST_MATH = YES;
				SDKROOT = iphoneos;
				SWIFT_COMPILATION_MODE = wholemodule;
				SWIFT_OPTIMIZATION_LEVEL = "-O";
				VALIDATE_PRODUCT = YES;
			};
			name = Release;
		};
		80D804D724CF58D20093AA6E /* Debug */ = {
			isa = XCBuildConfiguration;
			baseConfigurationReference = A419606A6845B2409C8EB112 /* Pods-ECommerceApp.debug.xcconfig */;
			buildSettings = {
				ASSETCATALOG_COMPILER_APPICON_NAME = AppIcon;
				CODE_SIGN_STYLE = Automatic;
				DEVELOPMENT_TEAM = FWD9V5VYJ2;
				INFOPLIST_FILE = ECommerceApp/Info.plist;
				LD_RUNPATH_SEARCH_PATHS = (
					"$(inherited)",
					"@executable_path/Frameworks",
				);
				PRODUCT_BUNDLE_IDENTIFIER = so.cardo.ECommerceApp;
				PRODUCT_NAME = "$(TARGET_NAME)";
				SWIFT_VERSION = 5.0;
				TARGETED_DEVICE_FAMILY = "1,2";
			};
			name = Debug;
		};
		80D804D824CF58D20093AA6E /* Release */ = {
			isa = XCBuildConfiguration;
			baseConfigurationReference = AF6824AED82FD5C56E31C280 /* Pods-ECommerceApp.release.xcconfig */;
			buildSettings = {
				ASSETCATALOG_COMPILER_APPICON_NAME = AppIcon;
				CODE_SIGN_STYLE = Automatic;
				DEVELOPMENT_TEAM = FWD9V5VYJ2;
				INFOPLIST_FILE = ECommerceApp/Info.plist;
				LD_RUNPATH_SEARCH_PATHS = (
					"$(inherited)",
					"@executable_path/Frameworks",
				);
				PRODUCT_BUNDLE_IDENTIFIER = so.cardo.ECommerceApp;
				PRODUCT_NAME = "$(TARGET_NAME)";
				SWIFT_VERSION = 5.0;
				TARGETED_DEVICE_FAMILY = "1,2";
			};
			name = Release;
		};
/* End XCBuildConfiguration section */

/* Begin XCConfigurationList section */
		80D804BD24CF58CF0093AA6E /* Build configuration list for PBXProject "ECommerceApp" */ = {
			isa = XCConfigurationList;
			buildConfigurations = (
				80D804D424CF58D20093AA6E /* Debug */,
				80D804D524CF58D20093AA6E /* Release */,
			);
			defaultConfigurationIsVisible = 0;
			defaultConfigurationName = Release;
		};
		80D804D624CF58D20093AA6E /* Build configuration list for PBXNativeTarget "ECommerceApp" */ = {
			isa = XCConfigurationList;
			buildConfigurations = (
				80D804D724CF58D20093AA6E /* Debug */,
				80D804D824CF58D20093AA6E /* Release */,
			);
			defaultConfigurationIsVisible = 0;
			defaultConfigurationName = Release;
		};
/* End XCConfigurationList section */
	};
	rootObject = 80D804BA24CF58CF0093AA6E /* Project object */;
}
